
Microsoft Visual Studio Solution File, Format Version 12.00
# Visual Studio 15
Project("{2150E333-8FDC-42A3-9474-1A3956D46DE8}") = "Mobile", "Mobile", "{4A26C994-19B5-44B8-8436-371C84BDCC53}"
EndProject
Project("{2150E333-8FDC-42A3-9474-1A3956D46DE8}") = "Backend", "Backend", "{6992D41B-4369-4EFD-9FE2-A880FD7CD9B1}"
EndProject
Project("{FAE04EC0-301F-11D3-BF4B-00C04F79EFBC}") = "DotNetGraphQL.Mobile.Android", "DotNetGraphQL.Mobile.Android\DotNetGraphQL.Mobile.Android.csproj", "{6F0ED01C-728C-4C52-B91D-AE9E810D9335}"
EndProject
Project("{FAE04EC0-301F-11D3-BF4B-00C04F79EFBC}") = "DotNetGraphQL.Mobile.iOS", "DotNetGraphQL.Mobile.iOS\DotNetGraphQL.Mobile.iOS.csproj", "{56C98246-D674-4451-B0DA-72086A4B57E0}"
EndProject
Project("{FAE04EC0-301F-11D3-BF4B-00C04F79EFBC}") = "DotNetGraphQL.Mobile", "DotNetGraphQL.Mobile\DotNetGraphQL.Mobile.csproj", "{6881E2A0-6663-4E4F-9AEF-B9B26C85D7A0}"
EndProject
Project("{FAE04EC0-301F-11D3-BF4B-00C04F79EFBC}") = "DotNetGraphQL.API", "DotNetGraphQL.API\DotNetGraphQL.API.csproj", "{3077EB00-9DA8-4919-9DB0-CFCAAD960099}"
EndProject
Project("{2150E333-8FDC-42A3-9474-1A3956D46DE8}") = "Common", "Common", "{9E72C436-B917-4C2E-B576-AF25BD0341BA}"
EndProject
Project("{FAE04EC0-301F-11D3-BF4B-00C04F79EFBC}") = "DotNetGraphQL.Common", "DotNetGraphQL.Common\DotNetGraphQL.Common.csproj", "{D6E0C00C-74AE-4A22-9FF1-A86F8FE2FC85}"
EndProject
Global
	GlobalSection(SolutionConfigurationPlatforms) = preSolution
		Debug|Any CPU = Debug|Any CPU
		Release|Any CPU = Release|Any CPU
		Debug|iPhoneSimulator = Debug|iPhoneSimulator
		Release|iPhoneSimulator = Release|iPhoneSimulator
		Debug|iPhone = Debug|iPhone
		Release|iPhone = Release|iPhone
	EndGlobalSection
	GlobalSection(ProjectConfigurationPlatforms) = postSolution
		{6F0ED01C-728C-4C52-B91D-AE9E810D9335}.Debug|Any CPU.ActiveCfg = Debug|Any CPU
		{6F0ED01C-728C-4C52-B91D-AE9E810D9335}.Debug|Any CPU.Build.0 = Debug|Any CPU
		{6F0ED01C-728C-4C52-B91D-AE9E810D9335}.Release|Any CPU.ActiveCfg = Release|Any CPU
		{6F0ED01C-728C-4C52-B91D-AE9E810D9335}.Release|Any CPU.Build.0 = Release|Any CPU
		{6F0ED01C-728C-4C52-B91D-AE9E810D9335}.Debug|iPhoneSimulator.ActiveCfg = Debug|Any CPU
		{6F0ED01C-728C-4C52-B91D-AE9E810D9335}.Debug|iPhoneSimulator.Build.0 = Debug|Any CPU
		{6F0ED01C-728C-4C52-B91D-AE9E810D9335}.Release|iPhoneSimulator.ActiveCfg = Release|Any CPU
		{6F0ED01C-728C-4C52-B91D-AE9E810D9335}.Release|iPhoneSimulator.Build.0 = Release|Any CPU
		{6F0ED01C-728C-4C52-B91D-AE9E810D9335}.Debug|iPhone.ActiveCfg = Debug|Any CPU
		{6F0ED01C-728C-4C52-B91D-AE9E810D9335}.Debug|iPhone.Build.0 = Debug|Any CPU
		{6F0ED01C-728C-4C52-B91D-AE9E810D9335}.Release|iPhone.ActiveCfg = Release|Any CPU
		{6F0ED01C-728C-4C52-B91D-AE9E810D9335}.Release|iPhone.Build.0 = Release|Any CPU
		{56C98246-D674-4451-B0DA-72086A4B57E0}.Debug|Any CPU.ActiveCfg = Debug|iPhoneSimulator
		{56C98246-D674-4451-B0DA-72086A4B57E0}.Debug|Any CPU.Build.0 = Debug|iPhoneSimulator
		{56C98246-D674-4451-B0DA-72086A4B57E0}.Release|Any CPU.ActiveCfg = Release|iPhoneSimulator
		{56C98246-D674-4451-B0DA-72086A4B57E0}.Release|Any CPU.Build.0 = Release|iPhoneSimulator
		{56C98246-D674-4451-B0DA-72086A4B57E0}.Debug|iPhoneSimulator.ActiveCfg = Debug|iPhoneSimulator
		{56C98246-D674-4451-B0DA-72086A4B57E0}.Debug|iPhoneSimulator.Build.0 = Debug|iPhoneSimulator
		{56C98246-D674-4451-B0DA-72086A4B57E0}.Release|iPhoneSimulator.ActiveCfg = Release|iPhoneSimulator
		{56C98246-D674-4451-B0DA-72086A4B57E0}.Release|iPhoneSimulator.Build.0 = Release|iPhoneSimulator
		{56C98246-D674-4451-B0DA-72086A4B57E0}.Debug|iPhone.ActiveCfg = Debug|iPhone
		{56C98246-D674-4451-B0DA-72086A4B57E0}.Debug|iPhone.Build.0 = Debug|iPhone
		{56C98246-D674-4451-B0DA-72086A4B57E0}.Release|iPhone.ActiveCfg = Release|iPhone
		{56C98246-D674-4451-B0DA-72086A4B57E0}.Release|iPhone.Build.0 = Release|iPhone
		{6881E2A0-6663-4E4F-9AEF-B9B26C85D7A0}.Debug|Any CPU.ActiveCfg = Debug|Any CPU
		{6881E2A0-6663-4E4F-9AEF-B9B26C85D7A0}.Debug|Any CPU.Build.0 = Debug|Any CPU
		{6881E2A0-6663-4E4F-9AEF-B9B26C85D7A0}.Release|Any CPU.ActiveCfg = Release|Any CPU
		{6881E2A0-6663-4E4F-9AEF-B9B26C85D7A0}.Release|Any CPU.Build.0 = Release|Any CPU
		{6881E2A0-6663-4E4F-9AEF-B9B26C85D7A0}.Debug|iPhoneSimulator.ActiveCfg = Debug|Any CPU
		{6881E2A0-6663-4E4F-9AEF-B9B26C85D7A0}.Debug|iPhoneSimulator.Build.0 = Debug|Any CPU
		{6881E2A0-6663-4E4F-9AEF-B9B26C85D7A0}.Release|iPhoneSimulator.ActiveCfg = Release|Any CPU
		{6881E2A0-6663-4E4F-9AEF-B9B26C85D7A0}.Release|iPhoneSimulator.Build.0 = Release|Any CPU
		{6881E2A0-6663-4E4F-9AEF-B9B26C85D7A0}.Debug|iPhone.ActiveCfg = Debug|Any CPU
		{6881E2A0-6663-4E4F-9AEF-B9B26C85D7A0}.Debug|iPhone.Build.0 = Debug|Any CPU
		{6881E2A0-6663-4E4F-9AEF-B9B26C85D7A0}.Release|iPhone.ActiveCfg = Release|Any CPU
		{6881E2A0-6663-4E4F-9AEF-B9B26C85D7A0}.Release|iPhone.Build.0 = Release|Any CPU
		{3077EB00-9DA8-4919-9DB0-CFCAAD960099}.Debug|Any CPU.ActiveCfg = Debug|Any CPU
		{3077EB00-9DA8-4919-9DB0-CFCAAD960099}.Debug|Any CPU.Build.0 = Debug|Any CPU
		{3077EB00-9DA8-4919-9DB0-CFCAAD960099}.Release|Any CPU.ActiveCfg = Release|Any CPU
		{3077EB00-9DA8-4919-9DB0-CFCAAD960099}.Release|Any CPU.Build.0 = Release|Any CPU
		{3077EB00-9DA8-4919-9DB0-CFCAAD960099}.Debug|iPhoneSimulator.ActiveCfg = Debug|Any CPU
		{3077EB00-9DA8-4919-9DB0-CFCAAD960099}.Debug|iPhoneSimulator.Build.0 = Debug|Any CPU
		{3077EB00-9DA8-4919-9DB0-CFCAAD960099}.Release|iPhoneSimulator.ActiveCfg = Release|Any CPU
		{3077EB00-9DA8-4919-9DB0-CFCAAD960099}.Release|iPhoneSimulator.Build.0 = Release|Any CPU
		{3077EB00-9DA8-4919-9DB0-CFCAAD960099}.Debug|iPhone.ActiveCfg = Debug|Any CPU
		{3077EB00-9DA8-4919-9DB0-CFCAAD960099}.Debug|iPhone.Build.0 = Debug|Any CPU
		{3077EB00-9DA8-4919-9DB0-CFCAAD960099}.Release|iPhone.ActiveCfg = Release|Any CPU
		{3077EB00-9DA8-4919-9DB0-CFCAAD960099}.Release|iPhone.Build.0 = Release|Any CPU
		{D6E0C00C-74AE-4A22-9FF1-A86F8FE2FC85}.Debug|Any CPU.ActiveCfg = Debug|Any CPU
		{D6E0C00C-74AE-4A22-9FF1-A86F8FE2FC85}.Debug|Any CPU.Build.0 = Debug|Any CPU
		{D6E0C00C-74AE-4A22-9FF1-A86F8FE2FC85}.Release|Any CPU.ActiveCfg = Release|Any CPU
		{D6E0C00C-74AE-4A22-9FF1-A86F8FE2FC85}.Release|Any CPU.Build.0 = Release|Any CPU
		{D6E0C00C-74AE-4A22-9FF1-A86F8FE2FC85}.Debug|iPhoneSimulator.ActiveCfg = Debug|Any CPU
		{D6E0C00C-74AE-4A22-9FF1-A86F8FE2FC85}.Debug|iPhoneSimulator.Build.0 = Debug|Any CPU
		{D6E0C00C-74AE-4A22-9FF1-A86F8FE2FC85}.Release|iPhoneSimulator.ActiveCfg = Release|Any CPU
		{D6E0C00C-74AE-4A22-9FF1-A86F8FE2FC85}.Release|iPhoneSimulator.Build.0 = Release|Any CPU
		{D6E0C00C-74AE-4A22-9FF1-A86F8FE2FC85}.Debug|iPhone.ActiveCfg = Debug|Any CPU
		{D6E0C00C-74AE-4A22-9FF1-A86F8FE2FC85}.Debug|iPhone.Build.0 = Debug|Any CPU
		{D6E0C00C-74AE-4A22-9FF1-A86F8FE2FC85}.Release|iPhone.ActiveCfg = Release|Any CPU
		{D6E0C00C-74AE-4A22-9FF1-A86F8FE2FC85}.Release|iPhone.Build.0 = Release|Any CPU
	EndGlobalSection
	GlobalSection(NestedProjects) = preSolution
		{6F0ED01C-728C-4C52-B91D-AE9E810D9335} = {4A26C994-19B5-44B8-8436-371C84BDCC53}
		{56C98246-D674-4451-B0DA-72086A4B57E0} = {4A26C994-19B5-44B8-8436-371C84BDCC53}
		{6881E2A0-6663-4E4F-9AEF-B9B26C85D7A0} = {4A26C994-19B5-44B8-8436-371C84BDCC53}
		{3077EB00-9DA8-4919-9DB0-CFCAAD960099} = {6992D41B-4369-4EFD-9FE2-A880FD7CD9B1}
		{D6E0C00C-74AE-4A22-9FF1-A86F8FE2FC85} = {9E72C436-B917-4C2E-B576-AF25BD0341BA}
	EndGlobalSection
EndGlobal
